<?xml version="1.0" encoding="utf-8"?>
<Project ToolsVersion="4.0" xmlns="http://schemas.microsoft.com/developer/msbuild/2003">
  <ItemGroup>
    <Filter Include="Source Files">
      <UniqueIdentifier>{4FC737F1-C7A5-4376-A066-2A32D752A2FF}</UniqueIdentifier>
      <Extensions>cpp;c;cc;cxx;def;odl;idl;hpj;bat;asm;asmx</Extensions>
    </Filter>
    <Filter Include="Header Files">
      <UniqueIdentifier>{93995380-89BD-4b04-88EB-625FBE52EBFB}</UniqueIdentifier>
      <Extensions>h;hh;hpp;hxx;hm;inl;inc;xsd</Extensions>
    </Filter>
    <Filter Include="Resource Files">
      <UniqueIdentifier>{D9D6E242-F8AF-46E4-B9FD-80ECBC20BA3E}</UniqueIdentifier>
      <Extensions>qrc;*</Extensions>
      <ParseFiles>false</ParseFiles>
    </Filter>
    <Filter Include="Form Files">
      <UniqueIdentifier>{99349809-55BA-4b9d-BF79-8FDBB0286EB3}</UniqueIdentifier>
      <Extensions>ui</Extensions>
    </Filter>
    <Filter Include="Resource Files">
      <UniqueIdentifier>{D9D6E242-F8AF-46E4-B9FD-80ECBC20BA3E}</UniqueIdentifier>
      <Extensions>qrc;*</Extensions>
      <ParseFiles>false</ParseFiles>
    </Filter>
    <Filter Include="Generated Files">
      <UniqueIdentifier>{71ED8ED8-ACB9-4CE9-BBE1-E00B30144E11}</UniqueIdentifier>
      <Extensions>moc;h;cpp</Extensions>
      <SourceControlFiles>False</SourceControlFiles>
    </Filter>
    <Filter Include="gsoap">
      <UniqueIdentifier>{a62282de-92b8-49ac-88ad-877ba6ee25ae}</UniqueIdentifier>
    </Filter>
    <Filter Include="onvifgen">
      <UniqueIdentifier>{2d58f909-4922-4bdd-8cfe-add98d6d6dc3}</UniqueIdentifier>
    </Filter>
    <Filter Include="gsoap\runtime">
      <UniqueIdentifier>{57222f34-f843-40af-b9d3-f736332eafc2}</UniqueIdentifier>
    </Filter>
    <Filter Include="ONVIF">
      <UniqueIdentifier>{ddc25ce4-6fad-4b28-a0ab-d8c2cd4c0402}</UniqueIdentifier>
    </Filter>
  </ItemGroup>
  <ItemGroup>
    <ClCompile Include="main.cpp">
      <Filter>Source Files</Filter>
    </ClCompile>
    <ClCompile Include="LogIn.cpp">
      <Filter>Source Files</Filter>
    </ClCompile>
    <ClCompile Include="GeneratedFiles\Debug\moc_LogIn.cpp">
      <Filter>Generated Files</Filter>
    </ClCompile>
    <ClCompile Include="GeneratedFiles\Release\moc_LogIn.cpp">
      <Filter>Generated Files</Filter>
    </ClCompile>
    <ClCompile Include="GeneratedFiles\Debug\moc_DesignBase.cpp">
      <Filter>Generated Files</Filter>
    </ClCompile>
    <ClCompile Include="GeneratedFiles\Release\moc_DesignBase.cpp">
      <Filter>Generated Files</Filter>
    </ClCompile>
    <ClCompile Include="DesignBase.cpp">
      <Filter>Source Files</Filter>
    </ClCompile>
    <ClCompile Include="GeneratedFiles\Debug\moc_NewProfile.cpp">
      <Filter>Generated Files</Filter>
    </ClCompile>
    <ClCompile Include="GeneratedFiles\Release\moc_NewProfile.cpp">
      <Filter>Generated Files</Filter>
    </ClCompile>
    <ClCompile Include="NewProfile.cpp">
      <Filter>Source Files</Filter>
    </ClCompile>
    <ClCompile Include="GeneratedFiles\Debug\moc_MainApp.cpp">
      <Filter>Generated Files</Filter>
    </ClCompile>
    <ClCompile Include="GeneratedFiles\Release\moc_MainApp.cpp">
      <Filter>Generated Files</Filter>
    </ClCompile>
    <ClCompile Include="MainApp.cpp">
      <Filter>Source Files</Filter>
    </ClCompile>
    <ClCompile Include="GeneratedFiles\Debug\moc_CameraPreview.cpp">
      <Filter>Generated Files</Filter>
    </ClCompile>
    <ClCompile Include="GeneratedFiles\Release\moc_CameraPreview.cpp">
      <Filter>Generated Files</Filter>
    </ClCompile>
    <ClCompile Include="CameraPreview.cpp">
      <Filter>Source Files</Filter>
    </ClCompile>
    <ClCompile Include="GeneratedFiles\qrc_Resources.cpp">
      <Filter>Generated Files</Filter>
    </ClCompile>
    <ClCompile Include="GeneratedFiles\Debug\moc_UserCamera.cpp">
      <Filter>Generated Files</Filter>
    </ClCompile>
    <ClCompile Include="GeneratedFiles\Release\moc_UserCamera.cpp">
      <Filter>Generated Files</Filter>
    </ClCompile>
    <ClCompile Include="UserCamera.cpp">
      <Filter>Source Files</Filter>
    </ClCompile>
    <ClCompile Include="GeneratedFiles\Debug\moc_ForgottenPassword.cpp">
      <Filter>Generated Files</Filter>
    </ClCompile>
    <ClCompile Include="GeneratedFiles\Release\moc_ForgottenPassword.cpp">
      <Filter>Generated Files</Filter>
    </ClCompile>
    <ClCompile Include="ForgottenPassword.cpp">
      <Filter>Source Files</Filter>
    </ClCompile>
    <ClCompile Include="DataBase.cpp">
      <Filter>Source Files</Filter>
    </ClCompile>
    <ClCompile Include="GeneratedFiles\Debug\moc_CameraEdition.cpp">
      <Filter>Generated Files</Filter>
    </ClCompile>
    <ClCompile Include="GeneratedFiles\Release\moc_CameraEdition.cpp">
      <Filter>Generated Files</Filter>
    </ClCompile>
    <ClCompile Include="CameraEdition.cpp">
      <Filter>Source Files</Filter>
    </ClCompile>
    <ClCompile Include="Utilities.cpp">
      <Filter>Source Files</Filter>
    </ClCompile>
    <ClCompile Include="GeneratedFiles\Debug\moc_NewPhoto.cpp">
      <Filter>Generated Files</Filter>
    </ClCompile>
    <ClCompile Include="GeneratedFiles\Release\moc_NewPhoto.cpp">
      <Filter>Generated Files</Filter>
    </ClCompile>
    <ClCompile Include="NewPhoto.cpp">
      <Filter>Source Files</Filter>
    </ClCompile>
    <ClCompile Include="gsoap\runtime\smdevp.c">
      <Filter>gsoap\runtime</Filter>
    </ClCompile>
    <ClCompile Include="gsoap\runtime\stdsoap2.cpp">
      <Filter>gsoap\runtime</Filter>
    </ClCompile>
    <ClCompile Include="gsoap\runtime\threads.c">
      <Filter>gsoap\runtime</Filter>
    </ClCompile>
    <ClCompile Include="gsoap\runtime\wsaapi.c">
      <Filter>gsoap\runtime</Filter>
    </ClCompile>
    <ClCompile Include="gsoap\runtime\wsseapi.cpp">
      <Filter>gsoap\runtime</Filter>
    </ClCompile>
    <ClCompile Include="gsoap\runtime\dom.cpp">
      <Filter>gsoap\runtime</Filter>
    </ClCompile>
    <ClCompile Include="gsoap\runtime\duration.c">
      <Filter>gsoap\runtime</Filter>
    </ClCompile>
    <ClCompile Include="onvifgen\soapC.cpp">
      <Filter>onvifgen</Filter>
    </ClCompile>
    <ClCompile Include="onvifgen\soapCreatePullPointBindingProxy.cpp">
      <Filter>onvifgen</Filter>
    </ClCompile>
    <ClCompile Include="onvifgen\soapCreatePullPointBindingService.cpp">
      <Filter>onvifgen</Filter>
    </ClCompile>
    <ClCompile Include="onvifgen\soapDeviceBindingProxy.cpp">
      <Filter>onvifgen</Filter>
    </ClCompile>
    <ClCompile Include="onvifgen\soapDeviceBindingService.cpp">
      <Filter>onvifgen</Filter>
    </ClCompile>
    <ClCompile Include="onvifgen\soapDeviceIOBindingProxy.cpp">
      <Filter>onvifgen</Filter>
    </ClCompile>
    <ClCompile Include="onvifgen\soapDeviceIOBindingService.cpp">
      <Filter>onvifgen</Filter>
    </ClCompile>
    <ClCompile Include="onvifgen\soapDiscoveryLookupBindingProxy.cpp">
      <Filter>onvifgen</Filter>
    </ClCompile>
    <ClCompile Include="onvifgen\soapDiscoveryLookupBindingService.cpp">
      <Filter>onvifgen</Filter>
    </ClCompile>
    <ClCompile Include="onvifgen\soapDisplayBindingProxy.cpp">
      <Filter>onvifgen</Filter>
    </ClCompile>
    <ClCompile Include="onvifgen\soapDisplayBindingService.cpp">
      <Filter>onvifgen</Filter>
    </ClCompile>
    <ClCompile Include="onvifgen\soapEventBindingProxy.cpp">
      <Filter>onvifgen</Filter>
    </ClCompile>
    <ClCompile Include="onvifgen\soapEventBindingService.cpp">
      <Filter>onvifgen</Filter>
    </ClCompile>
    <ClCompile Include="onvifgen\soapImagingBindingProxy.cpp">
      <Filter>onvifgen</Filter>
    </ClCompile>
    <ClCompile Include="onvifgen\soapImagingBindingService.cpp">
      <Filter>onvifgen</Filter>
    </ClCompile>
    <ClCompile Include="onvifgen\soapMediaBindingProxy.cpp">
      <Filter>onvifgen</Filter>
    </ClCompile>
    <ClCompile Include="onvifgen\soapMediaBindingService.cpp">
      <Filter>onvifgen</Filter>
    </ClCompile>
    <ClCompile Include="onvifgen\soapNotificationConsumerBindingProxy.cpp">
      <Filter>onvifgen</Filter>
    </ClCompile>
    <ClCompile Include="onvifgen\soapNotificationConsumerBindingService.cpp">
      <Filter>onvifgen</Filter>
    </ClCompile>
    <ClCompile Include="onvifgen\soapNotificationProducerBindingProxy.cpp">
      <Filter>onvifgen</Filter>
    </ClCompile>
    <ClCompile Include="onvifgen\soapNotificationProducerBindingService.cpp">
      <Filter>onvifgen</Filter>
    </ClCompile>
    <ClCompile Include="onvifgen\soapPausableSubscriptionManagerBindingProxy.cpp">
      <Filter>onvifgen</Filter>
    </ClCompile>
    <ClCompile Include="onvifgen\soapPausableSubscriptionManagerBindingService.cpp">
      <Filter>onvifgen</Filter>
    </ClCompile>
    <ClCompile Include="onvifgen\soapPTZBindingProxy.cpp">
      <Filter>onvifgen</Filter>
    </ClCompile>
    <ClCompile Include="onvifgen\soapPTZBindingService.cpp">
      <Filter>onvifgen</Filter>
    </ClCompile>
    <ClCompile Include="onvifgen\soapPullPointBindingProxy.cpp">
      <Filter>onvifgen</Filter>
    </ClCompile>
    <ClCompile Include="onvifgen\soapPullPointBindingService.cpp">
      <Filter>onvifgen</Filter>
    </ClCompile>
    <ClCompile Include="onvifgen\soapPullPointSubscriptionBindingProxy.cpp">
      <Filter>onvifgen</Filter>
    </ClCompile>
    <ClCompile Include="onvifgen\soapPullPointSubscriptionBindingService.cpp">
      <Filter>onvifgen</Filter>
    </ClCompile>
    <ClCompile Include="onvifgen\soapReceiverBindingProxy.cpp">
      <Filter>onvifgen</Filter>
    </ClCompile>
    <ClCompile Include="onvifgen\soapReceiverBindingService.cpp">
      <Filter>onvifgen</Filter>
    </ClCompile>
    <ClCompile Include="onvifgen\soapRecordingBindingProxy.cpp">
      <Filter>onvifgen</Filter>
    </ClCompile>
    <ClCompile Include="onvifgen\soapRecordingBindingService.cpp">
      <Filter>onvifgen</Filter>
    </ClCompile>
    <ClCompile Include="onvifgen\soapRemoteDiscoveryBindingProxy.cpp">
      <Filter>onvifgen</Filter>
    </ClCompile>
    <ClCompile Include="onvifgen\soapRemoteDiscoveryBindingService.cpp">
      <Filter>onvifgen</Filter>
    </ClCompile>
    <ClCompile Include="onvifgen\soapReplayBindingProxy.cpp">
      <Filter>onvifgen</Filter>
    </ClCompile>
    <ClCompile Include="onvifgen\soapReplayBindingService.cpp">
      <Filter>onvifgen</Filter>
    </ClCompile>
    <ClCompile Include="onvifgen\soapSearchBindingProxy.cpp">
      <Filter>onvifgen</Filter>
    </ClCompile>
    <ClCompile Include="onvifgen\soapSearchBindingService.cpp">
      <Filter>onvifgen</Filter>
    </ClCompile>
    <ClCompile Include="onvifgen\soapSubscriptionManagerBindingProxy.cpp">
      <Filter>onvifgen</Filter>
    </ClCompile>
    <ClCompile Include="onvifgen\soapSubscriptionManagerBindingService.cpp">
      <Filter>onvifgen</Filter>
    </ClCompile>
  </ItemGroup>
  <ItemGroup>
    <CustomBuild Include="LogIn.h">
      <Filter>Header Files</Filter>
    </CustomBuild>
    <CustomBuild Include="LogIn.ui">
      <Filter>Form Files</Filter>
    </CustomBuild>
    <CustomBuild Include="DesignBase.h">
      <Filter>Header Files</Filter>
    </CustomBuild>
    <CustomBuild Include="NewProfile.h">
      <Filter>Header Files</Filter>
    </CustomBuild>
    <CustomBuild Include="NewProfile.ui">
      <Filter>Form Files</Filter>
    </CustomBuild>
    <CustomBuild Include="MainApp.h">
      <Filter>Header Files</Filter>
    </CustomBuild>
    <CustomBuild Include="MainApp.ui">
      <Filter>Form Files</Filter>
    </CustomBuild>
    <CustomBuild Include="CameraPreview.h">
      <Filter>Header Files</Filter>
    </CustomBuild>
    <CustomBuild Include="CameraPreview.ui">
      <Filter>Form Files</Filter>
    </CustomBuild>
    <CustomBuild Include="Resources.qrc">
      <Filter>Resource Files</Filter>
    </CustomBuild>
    <CustomBuild Include="UserCamera.h">
      <Filter>Header Files</Filter>
    </CustomBuild>
    <CustomBuild Include="UserCamera.ui">
      <Filter>Form Files</Filter>
    </CustomBuild>
    <CustomBuild Include="ForgottenPassword.h">
      <Filter>Header Files</Filter>
    </CustomBuild>
    <CustomBuild Include="ForgottenPassword.ui">
      <Filter>Form Files</Filter>
    </CustomBuild>
    <CustomBuild Include="CameraEdition.ui">
      <Filter>Form Files</Filter>
    </CustomBuild>
    <CustomBuild Include="CameraEdition.h">
      <Filter>Header Files</Filter>
    </CustomBuild>
    <CustomBuild Include="NewPhoto.h">
      <Filter>Header Files</Filter>
    </CustomBuild>
    <CustomBuild Include="NewPhoto.ui">
      <Filter>Form Files</Filter>
    </CustomBuild>
  </ItemGroup>
  <ItemGroup>
    <ClInclude Include="GeneratedFiles\ui_LogIn.h">
      <Filter>Generated Files</Filter>
    </ClInclude>
    <ClInclude Include="resource.h">
      <Filter>Header Files</Filter>
    </ClInclude>
    <ClInclude Include="GeneratedFiles\ui_NewProfile.h">
      <Filter>Generated Files</Filter>
    </ClInclude>
    <ClInclude Include="GeneratedFiles\ui_MainApp.h">
      <Filter>Generated Files</Filter>
    </ClInclude>
    <ClInclude Include="GeneratedFiles\ui_CameraPreview.h">
      <Filter>Generated Files</Filter>
    </ClInclude>
    <ClInclude Include="GeneratedFiles\ui_UserCamera.h">
      <Filter>Generated Files</Filter>
    </ClInclude>
    <ClInclude Include="GeneratedFiles\ui_ForgottenPassword.h">
      <Filter>Generated Files</Filter>
    </ClInclude>
    <ClInclude Include="DataBase.h">
      <Filter>Header Files</Filter>
    </ClInclude>
    <ClInclude Include="GeneratedFiles\ui_CameraEdition.h">
      <Filter>Generated Files</Filter>
    </ClInclude>
    <ClInclude Include="Utilities.h">
      <Filter>Header Files</Filter>
    </ClInclude>
    <ClInclude Include="GeneratedFiles\ui_NewPhoto.h">
      <Filter>Generated Files</Filter>
    </ClInclude>
    <ClInclude Include="gsoap\runtime\duration.h">
      <Filter>gsoap\runtime</Filter>
    </ClInclude>
    <ClInclude Include="gsoap\runtime\smdevp.h">
      <Filter>gsoap\runtime</Filter>
    </ClInclude>
    <ClInclude Include="gsoap\runtime\stdsoap2.h">
      <Filter>gsoap\runtime</Filter>
    </ClInclude>
    <ClInclude Include="gsoap\runtime\threads.h">
      <Filter>gsoap\runtime</Filter>
    </ClInclude>
    <ClInclude Include="gsoap\runtime\wsaapi.h">
      <Filter>gsoap\runtime</Filter>
    </ClInclude>
    <ClInclude Include="gsoap\runtime\wsseapi.h">
      <Filter>gsoap\runtime</Filter>
    </ClInclude>
    <ClInclude Include="onvifgen\soapCreatePullPointBindingProxy.h">
      <Filter>onvifgen</Filter>
    </ClInclude>
    <ClInclude Include="onvifgen\soapCreatePullPointBindingService.h">
      <Filter>onvifgen</Filter>
    </ClInclude>
    <ClInclude Include="onvifgen\soapDeviceBindingProxy.h">
      <Filter>onvifgen</Filter>
    </ClInclude>
    <ClInclude Include="onvifgen\soapDeviceBindingService.h">
      <Filter>onvifgen</Filter>
    </ClInclude>
    <ClInclude Include="onvifgen\soapDeviceIOBindingProxy.h">
      <Filter>onvifgen</Filter>
    </ClInclude>
    <ClInclude Include="onvifgen\soapDeviceIOBindingService.h">
      <Filter>onvifgen</Filter>
    </ClInclude>
    <ClInclude Include="onvifgen\soapDiscoveryLookupBindingProxy.h">
      <Filter>onvifgen</Filter>
    </ClInclude>
    <ClInclude Include="onvifgen\soapDiscoveryLookupBindingService.h">
      <Filter>onvifgen</Filter>
    </ClInclude>
    <ClInclude Include="onvifgen\soapDisplayBindingProxy.h">
      <Filter>onvifgen</Filter>
    </ClInclude>
    <ClInclude Include="onvifgen\soapDisplayBindingService.h">
      <Filter>onvifgen</Filter>
    </ClInclude>
    <ClInclude Include="onvifgen\soapEventBindingProxy.h">
      <Filter>onvifgen</Filter>
    </ClInclude>
    <ClInclude Include="onvifgen\soapEventBindingService.h">
      <Filter>onvifgen</Filter>
    </ClInclude>
    <ClInclude Include="onvifgen\soapH.h">
      <Filter>onvifgen</Filter>
    </ClInclude>
    <ClInclude Include="onvifgen\soapImagingBindingProxy.h">
      <Filter>onvifgen</Filter>
    </ClInclude>
    <ClInclude Include="onvifgen\soapImagingBindingService.h">
      <Filter>onvifgen</Filter>
    </ClInclude>
    <ClInclude Include="onvifgen\soapMediaBindingProxy.h">
      <Filter>onvifgen</Filter>
    </ClInclude>
    <ClInclude Include="onvifgen\soapMediaBindingService.h">
      <Filter>onvifgen</Filter>
    </ClInclude>
    <ClInclude Include="onvifgen\soapNotificationConsumerBindingProxy.h">
      <Filter>onvifgen</Filter>
    </ClInclude>
    <ClInclude Include="onvifgen\soapNotificationConsumerBindingService.h">
      <Filter>onvifgen</Filter>
    </ClInclude>
    <ClInclude Include="onvifgen\soapNotificationProducerBindingProxy.h">
      <Filter>onvifgen</Filter>
    </ClInclude>
    <ClInclude Include="onvifgen\soapNotificationProducerBindingService.h">
      <Filter>onvifgen</Filter>
    </ClInclude>
    <ClInclude Include="onvifgen\soapPausableSubscriptionManagerBindingProxy.h">
      <Filter>onvifgen</Filter>
    </ClInclude>
    <ClInclude Include="onvifgen\soapPausableSubscriptionManagerBindingService.h">
      <Filter>onvifgen</Filter>
    </ClInclude>
    <ClInclude Include="onvifgen\soapPTZBindingProxy.h">
      <Filter>onvifgen</Filter>
    </ClInclude>
    <ClInclude Include="onvifgen\soapPTZBindingService.h">
      <Filter>onvifgen</Filter>
    </ClInclude>
    <ClInclude Include="onvifgen\soapPullPointBindingProxy.h">
      <Filter>onvifgen</Filter>
    </ClInclude>
    <ClInclude Include="onvifgen\soapPullPointBindingService.h">
      <Filter>onvifgen</Filter>
    </ClInclude>
    <ClInclude Include="onvifgen\soapPullPointSubscriptionBindingProxy.h">
      <Filter>onvifgen</Filter>
    </ClInclude>
    <ClInclude Include="onvifgen\soapPullPointSubscriptionBindingService.h">
      <Filter>onvifgen</Filter>
    </ClInclude>
    <ClInclude Include="onvifgen\soapReceiverBindingProxy.h">
      <Filter>onvifgen</Filter>
    </ClInclude>
    <ClInclude Include="onvifgen\soapReceiverBindingService.h">
      <Filter>onvifgen</Filter>
    </ClInclude>
    <ClInclude Include="onvifgen\soapRecordingBindingProxy.h">
      <Filter>onvifgen</Filter>
    </ClInclude>
    <ClInclude Include="onvifgen\soapRecordingBindingService.h">
      <Filter>onvifgen</Filter>
    </ClInclude>
    <ClInclude Include="onvifgen\soapRemoteDiscoveryBindingProxy.h">
      <Filter>onvifgen</Filter>
    </ClInclude>
    <ClInclude Include="onvifgen\soapRemoteDiscoveryBindingService.h">
      <Filter>onvifgen</Filter>
    </ClInclude>
    <ClInclude Include="onvifgen\soapReplayBindingProxy.h">
      <Filter>onvifgen</Filter>
    </ClInclude>
    <ClInclude Include="onvifgen\soapReplayBindingService.h">
      <Filter>onvifgen</Filter>
    </ClInclude>
    <ClInclude Include="onvifgen\soapSearchBindingProxy.h">
      <Filter>onvifgen</Filter>
    </ClInclude>
    <ClInclude Include="onvifgen\soapSearchBindingService.h">
      <Filter>onvifgen</Filter>
    </ClInclude>
    <ClInclude Include="onvifgen\soapStub.h">
      <Filter>onvifgen</Filter>
    </ClInclude>
    <ClInclude Include="onvifgen\soapSubscriptionManagerBindingProxy.h">
      <Filter>onvifgen</Filter>
    </ClInclude>
    <ClInclude Include="onvifgen\soapSubscriptionManagerBindingService.h">
      <Filter>onvifgen</Filter>
    </ClInclude>
  </ItemGroup>
  <ItemGroup>
    <ResourceCompile Include="LeonCam.rc" />
  </ItemGroup>
  <ItemGroup>
    <None Include="onvifgen\CreatePullPointBinding.nsmap">
      <Filter>onvifgen</Filter>
    </None>
    <None Include="onvifgen\DeviceBinding.nsmap">
      <Filter>onvifgen</Filter>
    </None>
    <None Include="onvifgen\DeviceIOBinding.nsmap">
      <Filter>onvifgen</Filter>
    </None>
    <None Include="onvifgen\DiscoveryLookupBinding.nsmap">
      <Filter>onvifgen</Filter>
    </None>
    <None Include="onvifgen\DisplayBinding.nsmap">
      <Filter>onvifgen</Filter>
    </None>
    <None Include="onvifgen\EventBinding.nsmap">
      <Filter>onvifgen</Filter>
    </None>
    <None Include="onvifgen\ImagingBinding.nsmap">
      <Filter>onvifgen</Filter>
    </None>
    <None Include="onvifgen\MediaBinding.nsmap">
      <Filter>onvifgen</Filter>
    </None>
    <None Include="onvifgen\NotificationConsumerBinding.nsmap">
      <Filter>onvifgen</Filter>
    </None>
    <None Include="onvifgen\NotificationProducerBinding.nsmap">
      <Filter>onvifgen</Filter>
    </None>
    <None Include="onvifgen\PausableSubscriptionManagerBinding.nsmap">
      <Filter>onvifgen</Filter>
    </None>
    <None Include="onvifgen\PTZBinding.nsmap">
      <Filter>onvifgen</Filter>
    </None>
    <None Include="onvifgen\PullPointBinding.nsmap">
      <Filter>onvifgen</Filter>
    </None>
    <None Include="onvifgen\PullPointSubscriptionBinding.nsmap">
      <Filter>onvifgen</Filter>
    </None>
    <None Include="onvifgen\ReceiverBinding.nsmap">
      <Filter>onvifgen</Filter>
    </None>
    <None Include="onvifgen\RecordingBinding.nsmap">
      <Filter>onvifgen</Filter>
    </None>
    <None Include="onvifgen\RemoteDiscoveryBinding.nsmap">
      <Filter>onvifgen</Filter>
    </None>
    <None Include="onvifgen\ReplayBinding.nsmap">
      <Filter>onvifgen</Filter>
    </None>
    <None Include="onvifgen\SearchBinding.nsmap">
      <Filter>onvifgen</Filter>
    </None>
    <None Include="onvifgen\SubscriptionManagerBinding.nsmap">
      <Filter>onvifgen</Filter>
    </None>
  </ItemGroup>
</Project>